// !$*UTF8*$!
{
	archiveVersion = 1;
	classes = {
	};
	objectVersion = 46;
	objects = {

/* Begin PBXBuildFile section */
		02CA27D81BF884FA008D258E /* AppDelegate.swift in Sources */ = {isa = PBXBuildFile; fileRef = 02CA27D71BF884FA008D258E /* AppDelegate.swift */; };
		02CA27DA1BF884FA008D258E /* ViewController.swift in Sources */ = {isa = PBXBuildFile; fileRef = 02CA27D91BF884FA008D258E /* ViewController.swift */; };
		02CA27DD1BF884FA008D258E /* Main.storyboard in Resources */ = {isa = PBXBuildFile; fileRef = 02CA27DB1BF884FA008D258E /* Main.storyboard */; };
		02CA27E01BF884FA008D258E /* UITableView_mit_Swift.xcdatamodeld in Sources */ = {isa = PBXBuildFile; fileRef = 02CA27DE1BF884FA008D258E /* UITableView_mit_Swift.xcdatamodeld */; };
		02CA27E21BF884FA008D258E /* Assets.xcassets in Resources */ = {isa = PBXBuildFile; fileRef = 02CA27E11BF884FA008D258E /* Assets.xcassets */; };
		02CA27E51BF884FA008D258E /* LaunchScreen.storyboard in Resources */ = {isa = PBXBuildFile; fileRef = 02CA27E31BF884FA008D258E /* LaunchScreen.storyboard */; };
		02CA27F01BF884FA008D258E /* UITableView_mit_SwiftTests.swift in Sources */ = {isa = PBXBuildFile; fileRef = 02CA27EF1BF884FA008D258E /* UITableView_mit_SwiftTests.swift */; };
		02CA27FB1BF884FA008D258E /* UITableView_mit_SwiftUITests.swift in Sources */ = {isa = PBXBuildFile; fileRef = 02CA27FA1BF884FA008D258E /* UITableView_mit_SwiftUITests.swift */; };
		02CA28091BF8853E008D258E /* Rezeptbuch.swift in Sources */ = {isa = PBXBuildFile; fileRef = 02CA28081BF8853E008D258E /* Rezeptbuch.swift */; };
/* End PBXBuildFile section */

/* Begin PBXContainerItemProxy section */
		02CA27EC1BF884FA008D258E /* PBXContainerItemProxy */ = {
			isa = PBXContainerItemProxy;
			containerPortal = 02CA27CC1BF884FA008D258E /* Project object */;
			proxyType = 1;
			remoteGlobalIDString = 02CA27D31BF884FA008D258E;
			remoteInfo = "UITableView-mit-Swift";
		};
		02CA27F71BF884FA008D258E /* PBXContainerItemProxy */ = {
			isa = PBXContainerItemProxy;
			containerPortal = 02CA27CC1BF884FA008D258E /* Project object */;
			proxyType = 1;
			remoteGlobalIDString = 02CA27D31BF884FA008D258E;
			remoteInfo = "UITableView-mit-Swift";
		};
/* End PBXContainerItemProxy section */

/* Begin PBXFileReference section */
		02CA27D41BF884FA008D258E /* UITableView-mit-Swift.app */ = {isa = PBXFileReference; explicitFileType = wrapper.application; includeInIndex = 0; path = "UITableView-mit-Swift.app"; sourceTree = BUILT_PRODUCTS_DIR; };
		02CA27D71BF884FA008D258E /* AppDelegate.swift */ = {isa = PBXFileReference; lastKnownFileType = sourcecode.swift; path = AppDelegate.swift; sourceTree = "<group>"; };
		02CA27D91BF884FA008D258E /* ViewController.swift */ = {isa = PBXFileReference; lastKnownFileType = sourcecode.swift; path = ViewController.swift; sourceTree = "<group>"; };
		02CA27DC1BF884FA008D258E /* Base */ = {isa = PBXFileReference; lastKnownFileType = file.storyboard; name = Base; path = Base.lproj/Main.storyboard; sourceTree = "<group>"; };
		02CA27DF1BF884FA008D258E /* UITableView_mit_Swift.xcdatamodel */ = {isa = PBXFileReference; lastKnownFileType = wrapper.xcdatamodel; path = UITableView_mit_Swift.xcdatamodel; sourceTree = "<group>"; };
		02CA27E11BF884FA008D258E /* Assets.xcassets */ = {isa = PBXFileReference; lastKnownFileType = folder.assetcatalog; path = Assets.xcassets; sourceTree = "<group>"; };
		02CA27E41BF884FA008D258E /* Base */ = {isa = PBXFileReference; lastKnownFileType = file.storyboard; name = Base; path = Base.lproj/LaunchScreen.storyboard; sourceTree = "<group>"; };
		02CA27E61BF884FA008D258E /* Info.plist */ = {isa = PBXFileReference; lastKnownFileType = text.plist.xml; path = Info.plist; sourceTree = "<group>"; };
		02CA27EB1BF884FA008D258E /* UITableView-mit-SwiftTests.xctest */ = {isa = PBXFileReference; explicitFileType = wrapper.cfbundle; includeInIndex = 0; path = "UITableView-mit-SwiftTests.xctest"; sourceTree = BUILT_PRODUCTS_DIR; };
		02CA27EF1BF884FA008D258E /* UITableView_mit_SwiftTests.swift */ = {isa = PBXFileReference; lastKnownFileType = sourcecode.swift; path = UITableView_mit_SwiftTests.swift; sourceTree = "<group>"; };
		02CA27F11BF884FA008D258E /* Info.plist */ = {isa = PBXFileReference; lastKnownFileType = text.plist.xml; path = Info.plist; sourceTree = "<group>"; };
		02CA27F61BF884FA008D258E /* UITableView-mit-SwiftUITests.xctest */ = {isa = PBXFileReference; explicitFileType = wrapper.cfbundle; includeInIndex = 0; path = "UITableView-mit-SwiftUITests.xctest"; sourceTree = BUILT_PRODUCTS_DIR; };
		02CA27FA1BF884FA008D258E /* UITableView_mit_SwiftUITests.swift */ = {isa = PBXFileReference; lastKnownFileType = sourcecode.swift; path = UITableView_mit_SwiftUITests.swift; sourceTree = "<group>"; };
		02CA27FC1BF884FA008D258E /* Info.plist */ = {isa = PBXFileReference; lastKnownFileType = text.plist.xml; path = Info.plist; sourceTree = "<group>"; };
		02CA28081BF8853E008D258E /* Rezeptbuch.swift */ = {isa = PBXFileReference; fileEncoding = 4; lastKnownFileType = sourcecode.swift; path = Rezeptbuch.swift; sourceTree = "<group>"; };
/* End PBXFileReference section */

/* Begin PBXFrameworksBuildPhase section */
		02CA27D11BF884FA008D258E /* Frameworks */ = {
			isa = PBXFrameworksBuildPhase;
			buildActionMask = 2147483647;
			files = (
			);
			runOnlyForDeploymentPostprocessing = 0;
		};
		02CA27E81BF884FA008D258E /* Frameworks */ = {
			isa = PBXFrameworksBuildPhase;
			buildActionMask = 2147483647;
			files = (
			);
			runOnlyForDeploymentPostprocessing = 0;
		};
		02CA27F31BF884FA008D258E /* Frameworks */ = {
			isa = PBXFrameworksBuildPhase;
			buildActionMask = 2147483647;
			files = (
			);
			runOnlyForDeploymentPostprocessing = 0;
		};
/* End PBXFrameworksBuildPhase section */

/* Begin PBXGroup section */
		02CA27CB1BF884FA008D258E = {
			isa = PBXGroup;
			children = (
				02CA27D61BF884FA008D258E /* UITableView-mit-Swift */,
				02CA27EE1BF884FA008D258E /* UITableView-mit-SwiftTests */,
				02CA27F91BF884FA008D258E /* UITableView-mit-SwiftUITests */,
				02CA27D51BF884FA008D258E /* Products */,
			);
			sourceTree = "<group>";
		};
		02CA27D51BF884FA008D258E /* Products */ = {
			isa = PBXGroup;
			children = (
				02CA27D41BF884FA008D258E /* UITableView-mit-Swift.app */,
				02CA27EB1BF884FA008D258E /* UITableView-mit-SwiftTests.xctest */,
				02CA27F61BF884FA008D258E /* UITableView-mit-SwiftUITests.xctest */,
			);
			name = Products;
			sourceTree = "<group>";
		};
		02CA27D61BF884FA008D258E /* UITableView-mit-Swift */ = {
			isa = PBXGroup;
			children = (
				02CA27D71BF884FA008D258E /* AppDelegate.swift */,
				02CA27D91BF884FA008D258E /* ViewController.swift */,
				02CA27DB1BF884FA008D258E /* Main.storyboard */,
				02CA27E11BF884FA008D258E /* Assets.xcassets */,
				02CA27E31BF884FA008D258E /* LaunchScreen.storyboard */,
				02CA27E61BF884FA008D258E /* Info.plist */,
				02CA27DE1BF884FA008D258E /* UITableView_mit_Swift.xcdatamodeld */,
				02CA28081BF8853E008D258E /* Rezeptbuch.swift */,
			);
			path = "UITableView-mit-Swift";
			sourceTree = "<group>";
		};
		02CA27EE1BF884FA008D258E /* UITableView-mit-SwiftTests */ = {
			isa = PBXGroup;
			children = (
				02CA27EF1BF884FA008D258E /* UITableView_mit_SwiftTests.swift */,
				02CA27F11BF884FA008D258E /* Info.plist */,
			);
			path = "UITableView-mit-SwiftTests";
			sourceTree = "<group>";
		};
		02CA27F91BF884FA008D258E /* UITableView-mit-SwiftUITests */ = {
			isa = PBXGroup;
			children = (
				02CA27FA1BF884FA008D258E /* UITableView_mit_SwiftUITests.swift */,
				02CA27FC1BF884FA008D258E /* Info.plist */,
			);
			path = "UITableView-mit-SwiftUITests";
			sourceTree = "<group>";
		};
/* End PBXGroup section */

/* Begin PBXNativeTarget section */
		02CA27D31BF884FA008D258E /* UITableView-mit-Swift */ = {
			isa = PBXNativeTarget;
			buildConfigurationList = 02CA27FF1BF884FA008D258E /* Build configuration list for PBXNativeTarget "UITableView-mit-Swift" */;
			buildPhases = (
				02CA27D01BF884FA008D258E /* Sources */,
				02CA27D11BF884FA008D258E /* Frameworks */,
				02CA27D21BF884FA008D258E /* Resources */,
			);
			buildRules = (
			);
			dependencies = (
			);
			name = "UITableView-mit-Swift";
			productName = "UITableView-mit-Swift";
			productReference = 02CA27D41BF884FA008D258E /* UITableView-mit-Swift.app */;
			productType = "com.apple.product-type.application";
		};
		02CA27EA1BF884FA008D258E /* UITableView-mit-SwiftTests */ = {
			isa = PBXNativeTarget;
			buildConfigurationList = 02CA28021BF884FA008D258E /* Build configuration list for PBXNativeTarget "UITableView-mit-SwiftTests" */;
			buildPhases = (
				02CA27E71BF884FA008D258E /* Sources */,
				02CA27E81BF884FA008D258E /* Frameworks */,
				02CA27E91BF884FA008D258E /* Resources */,
			);
			buildRules = (
			);
			dependencies = (
				02CA27ED1BF884FA008D258E /* PBXTargetDependency */,
			);
			name = "UITableView-mit-SwiftTests";
			productName = "UITableView-mit-SwiftTests";
			productReference = 02CA27EB1BF884FA008D258E /* UITableView-mit-SwiftTests.xctest */;
			productType = "com.apple.product-type.bundle.unit-test";
		};
		02CA27F51BF884FA008D258E /* UITableView-mit-SwiftUITests */ = {
			isa = PBXNativeTarget;
			buildConfigurationList = 02CA28051BF884FA008D258E /* Build configuration list for PBXNativeTarget "UITableView-mit-SwiftUITests" */;
			buildPhases = (
				02CA27F21BF884FA008D258E /* Sources */,
				02CA27F31BF884FA008D258E /* Frameworks */,
				02CA27F41BF884FA008D258E /* Resources */,
			);
			buildRules = (
			);
			dependencies = (
				02CA27F81BF884FA008D258E /* PBXTargetDependency */,
			);
			name = "UITableView-mit-SwiftUITests";
			productName = "UITableView-mit-SwiftUITests";
			productReference = 02CA27F61BF884FA008D258E /* UITableView-mit-SwiftUITests.xctest */;
			productType = "com.apple.product-type.bundle.ui-testing";
		};
/* End PBXNativeTarget section */

/* Begin PBXProject section */
		02CA27CC1BF884FA008D258E /* Project object */ = {
			isa = PBXProject;
			attributes = {
				LastSwiftUpdateCheck = 0710;
				LastUpgradeCheck = 0710;
				ORGANIZATIONNAME = "Jan Brinkmann";
				TargetAttributes = {
					02CA27D31BF884FA008D258E = {
						CreatedOnToolsVersion = 7.1.1;
					};
					02CA27EA1BF884FA008D258E = {
						CreatedOnToolsVersion = 7.1.1;
						TestTargetID = 02CA27D31BF884FA008D258E;
					};
					02CA27F51BF884FA008D258E = {
						CreatedOnToolsVersion = 7.1.1;
						TestTargetID = 02CA27D31BF884FA008D258E;
					};
				};
			};
			buildConfigurationList = 02CA27CF1BF884FA008D258E /* Build configuration list for PBXProject "UITableView-mit-Swift" */;
			compatibilityVersion = "Xcode 3.2";
			developmentRegion = English;
			hasScannedForEncodings = 0;
			knownRegions = (
				en,
				Base,
			);
			mainGroup = 02CA27CB1BF884FA008D258E;
			productRefGroup = 02CA27D51BF884FA008D258E /* Products */;
			projectDirPath = "";
			projectRoot = "";
			targets = (
				02CA27D31BF884FA008D258E /* UITableView-mit-Swift */,
				02CA27EA1BF884FA008D258E /* UITableView-mit-SwiftTests */,
				02CA27F51BF884FA008D258E /* UITableView-mit-SwiftUITests */,
			);
		};
/* End PBXProject section */

/* Begin PBXResourcesBuildPhase section */
		02CA27D21BF884FA008D258E /* Resources */ = {
			isa = PBXResourcesBuildPhase;
			buildActionMask = 2147483647;
			files = (
				02CA27E51BF884FA008D258E /* LaunchScreen.storyboard in Resources */,
				02CA27E21BF884FA008D258E /* Assets.xcassets in Resources */,
				02CA27DD1BF884FA008D258E /* Main.storyboard in Resources */,
			);
			runOnlyForDeploymentPostprocessing = 0;
		};
		02CA27E91BF884FA008D258E /* Resources */ = {
			isa = PBXResourcesBuildPhase;
			buildActionMask = 2147483647;
			files = (
			);
			runOnlyForDeploymentPostprocessing = 0;
		};
		02CA27F41BF884FA008D258E /* Resources */ = {
			isa = PBXResourcesBuildPhase;
			buildActionMask = 2147483647;
			files = (
			);
			runOnlyForDeploymentPostprocessing = 0;
		};
/* End PBXResourcesBuildPhase section */

/* Begin PBXSourcesBuildPhase section */
		02CA27D01BF884FA008D258E /* Sources */ = {
			isa = PBXSourcesBuildPhase;
			buildActionMask = 2147483647;
			files = (
				02CA27E01BF884FA008D258E /* UITableView_mit_Swift.xcdatamodeld in Sources */,
				02CA27DA1BF884FA008D258E /* ViewController.swift in Sources */,
				02CA27D81BF884FA008D258E /* AppDelegate.swift in Sources */,
				02CA28091BF8853E008D258E /* Rezeptbuch.swift in Sources */,
			);
			runOnlyForDeploymentPostprocessing = 0;
		};
		02CA27E71BF884FA008D258E /* Sources */ = {
			isa = PBXSourcesBuildPhase;
			buildActionMask = 2147483647;
			files = (
				02CA27F01BF884FA008D258E /* UITableView_mit_SwiftTests.swift in Sources */,
			);
			runOnlyForDeploymentPostprocessing = 0;
		};
		02CA27F21BF884FA008D258E /* Sources */ = {
			isa = PBXSourcesBuildPhase;
			buildActionMask = 2147483647;
			files = (
				02CA27FB1BF884FA008D258E /* UITableView_mit_SwiftUITests.swift in Sources */,
			);
			runOnlyForDeploymentPostprocessing = 0;
		};
/* End PBXSourcesBuildPhase section */

/* Begin PBXTargetDependency section */
		02CA27ED1BF884FA008D258E /* PBXTargetDependency */ = {
			isa = PBXTargetDependency;
			target = 02CA27D31BF884FA008D258E /* UITableView-mit-Swift */;
			targetProxy = 02CA27EC1BF884FA008D258E /* PBXContainerItemProxy */;
		};
		02CA27F81BF884FA008D258E /* PBXTargetDependency */ = {
			isa = PBXTargetDependency;
			target = 02CA27D31BF884FA008D258E /* UITableView-mit-Swift */;
			targetProxy = 02CA27F71BF884FA008D258E /* PBXContainerItemProxy */;
		};
/* End PBXTargetDependency section */

/* Begin PBXVariantGroup section */
		02CA27DB1BF884FA008D258E /* Main.storyboard */ = {
			isa = PBXVariantGroup;
			children = (
				02CA27DC1BF884FA008D258E /* Base */,
			);
			name = Main.storyboard;
			sourceTree = "<group>";
		};
		02CA27E31BF884FA008D258E /* LaunchScreen.storyboard */ = {
			isa = PBXVariantGroup;
			children = (
				02CA27E41BF884FA008D258E /* Base */,
			);
			name = LaunchScreen.storyboard;
			sourceTree = "<group>";
		};
/* End PBXVariantGroup section */

/* Begin XCBuildConfiguration section */
		02CA27FD1BF884FA008D258E /* Debug */ = {
			isa = XCBuildConfiguration;
			buildSettings = {
				ALWAYS_SEARCH_USER_PATHS = NO;
				CLANG_CXX_LANGUAGE_STANDARD = "gnu++0x";
				CLANG_CXX_LIBRARY = "libc++";
				CLANG_ENABLE_MODULES = YES;
				CLANG_ENABLE_OBJC_ARC = YES;
				CLANG_WARN_BOOL_CONVERSION = YES;
				CLANG_WARN_CONSTANT_CONVERSION = YES;
				CLANG_WARN_DIRECT_OBJC_ISA_USAGE = YES_ERROR;
				CLANG_WARN_EMPTY_BODY = YES;
				CLANG_WARN_ENUM_CONVERSION = YES;
				CLANG_WARN_INT_CONVERSION = YES;
				CLANG_WARN_OBJC_ROOT_CLASS = YES_ERROR;
				CLANG_WARN_UNREACHABLE_CODE = YES;
				CLANG_WARN__DUPLICATE_METHOD_MATCH = YES;
				"CODE_SIGN_IDENTITY[sdk=iphoneos*]" = "iPhone Developer";
				COPY_PHASE_STRIP = NO;
				DEBUG_INFORMATION_FORMAT = dwarf;
				ENABLE_STRICT_OBJC_MSGSEND = YES;
				ENABLE_TESTABILITY = YES;
				GCC_C_LANGUAGE_STANDARD = gnu99;
				GCC_DYNAMIC_NO_PIC = NO;
				GCC_NO_COMMON_BLOCKS = YES;
				GCC_OPTIMIZATION_LEVEL = 0;
				GCC_PREPROCESSOR_DEFINITIONS = (
					"DEBUG=1",
					"$(inherited)",
				);
				GCC_WARN_64_TO_32_BIT_CONVERSION = YES;
				GCC_WARN_ABOUT_RETURN_TYPE = YES_ERROR;
				GCC_WARN_UNDECLARED_SELECTOR = YES;
				GCC_WARN_UNINITIALIZED_AUTOS = YES_AGGRESSIVE;
				GCC_WARN_UNUSED_FUNCTION = YES;
				GCC_WARN_UNUSED_VARIABLE = YES;
				IPHONEOS_DEPLOYMENT_TARGET = 9.1;
				MTL_ENABLE_DEBUG_INFO = YES;
				ONLY_ACTIVE_ARCH = YES;
				SDKROOT = iphoneos;
				SWIFT_OPTIMIZATION_LEVEL = "-Onone";
				TARGETED_DEVICE_FAMILY = "1,2";
			};
			name = Debug;
		};
		02CA27FE1BF884FA008D258E /* Release */ = {
			isa = XCBuildConfiguration;
			buildSettings = {
				ALWAYS_SEARCH_USER_PATHS = NO;
				CLANG_CXX_LANGUAGE_STANDARD = "gnu++0x";
				CLANG_CXX_LIBRARY = "libc++";
				CLANG_ENABLE_MODULES = YES;
				CLANG_ENABLE_OBJC_ARC = YES;
				CLANG_WARN_BOOL_CONVERSION = YES;
				CLANG_WARN_CONSTANT_CONVERSION = YES;
				CLANG_WARN_DIRECT_OBJC_ISA_USAGE = YES_ERROR;
				CLANG_WARN_EMPTY_BODY = YES;
				CLANG_WARN_ENUM_CONVERSION = YES;
				CLANG_WARN_INT_CONVERSION = YES;
				CLANG_WARN_OBJC_ROOT_CLASS = YES_ERROR;
				CLANG_WARN_UNREACHABLE_CODE = YES;
				CLANG_WARN__DUPLICATE_METHOD_MATCH = YES;
				"CODE_SIGN_IDENTITY[sdk=iphoneos*]" = "iPhone Developer";
				COPY_PHASE_STRIP = NO;
				DEBUG_INFORMATION_FORMAT = "dwarf-with-dsym";
				ENABLE_NS_ASSERTIONS = NO;
				ENABLE_STRICT_OBJC_MSGSEND = YES;
				GCC_C_LANGUAGE_STANDARD = gnu99;
				GCC_NO_COMMON_BLOCKS = YES;
				GCC_WARN_64_TO_32_BIT_CONVERSION = YES;
				GCC_WARN_ABOUT_RETURN_TYPE = YES_ERROR;
				GCC_WARN_UNDECLARED_SELECTOR = YES;
				GCC_WARN_UNINITIALIZED_AUTOS = YES_AGGRESSIVE;
				GCC_WARN_UNUSED_FUNCTION = YES;
				GCC_WARN_UNUSED_VARIABLE = YES;
				IPHONEOS_DEPLOYMENT_TARGET = 9.1;
				MTL_ENABLE_DEBUG_INFO = NO;
				SDKROOT = iphoneos;
				TARGETED_DEVICE_FAMILY = "1,2";
				VALIDATE_PRODUCT = YES;
			};
			name = Release;
		};
		02CA28001BF884FA008D258E /* Debug */ = {
			isa = XCBuildConfiguration;
			buildSettings = {
				ASSETCATALOG_COMPILER_APPICON_NAME = AppIcon;
				INFOPLIST_FILE = "UITableView-mit-Swift/Info.plist";
				LD_RUNPATH_SEARCH_PATHS = "$(inherited) @executable_path/Frameworks";
				PRODUCT_BUNDLE_IDENTIFIER = "de.janbrinkmann.UITableView-mit-Swift";
				PRODUCT_NAME = "$(TARGET_NAME)";
			};
			name = Debug;
		};
		02CA28011BF884FA008D258E /* Release */ = {
			isa = XCBuildConfiguration;
			buildSettings = {
				ASSETCATALOG_COMPILER_APPICON_NAME = AppIcon;
				INFOPLIST_FILE = "UITableView-mit-Swift/Info.plist";
				LD_RUNPATH_SEARCH_PATHS = "$(inherited) @executable_path/Frameworks";
				PRODUCT_BUNDLE_IDENTIFIER = "de.janbrinkmann.UITableView-mit-Swift";
				PRODUCT_NAME = "$(TARGET_NAME)";
			};
			name = Release;
		};
		02CA28031BF884FA008D258E /* Debug */ = {
			isa = XCBuildConfiguration;
			buildSettings = {
				BUNDLE_LOADER = "$(TEST_HOST)";
				INFOPLIST_FILE = "UITableView-mit-SwiftTests/Info.plist";
				LD_RUNPATH_SEARCH_PATHS = "$(inherited) @executable_path/Frameworks @loader_path/Frameworks";
				PRODUCT_BUNDLE_IDENTIFIER = "de.janbrinkmann.UITableView-mit-SwiftTests";
				PRODUCT_NAME = "$(TARGET_NAME)";
				TEST_HOST = "$(BUILT_PRODUCTS_DIR)/UITableView-mit-Swift.app/UITableView-mit-Swift";
			};
			name = Debug;
		};
		02CA28041BF884FA008D258E /* Release */ = {
			isa = XCBuildConfiguration;
			buildSettings = {
				BUNDLE_LOADER = "$(TEST_HOST)";
				INFOPLIST_FILE = "UITableView-mit-SwiftTests/Info.plist";
				LD_RUNPATH_SEARCH_PATHS = "$(inherited) @executable_path/Frameworks @loader_path/Frameworks";
				PRODUCT_BUNDLE_IDENTIFIER = "de.janbrinkmann.UITableView-mit-SwiftTests";
				PRODUCT_NAME = "$(TARGET_NAME)";
				TEST_HOST = "$(BUILT_PRODUCTS_DIR)/UITableView-mit-Swift.app/UITableView-mit-Swift";
			};
			name = Release;
		};
		02CA28061BF884FA008D258E /* Debug */ = {
			isa = XCBuildConfiguration;
			buildSettings = {
				INFOPLIST_FILE = "UITableView-mit-SwiftUITests/Info.plist";
				LD_RUNPATH_SEARCH_PATHS = "$(inherited) @executable_path/Frameworks @loader_path/Frameworks";
				PRODUCT_BUNDLE_IDENTIFIER = "de.janbrinkmann.UITableView-mit-SwiftUITests";
				PRODUCT_NAME = "$(TARGET_NAME)";
				TEST_TARGET_NAME = "UITableView-mit-Swift";
				USES_XCTRUNNER = YES;
			};
			name = Debug;
		};
		02CA28071BF884FA008D258E /* Release */ = {
			isa = XCBuildConfiguration;
			buildSettings = {
				INFOPLIST_FILE = "UITableView-mit-SwiftUITests/Info.plist";
				LD_RUNPATH_SEARCH_PATHS = "$(inherited) @executable_path/Frameworks @loader_path/Frameworks";
				PRODUCT_BUNDLE_IDENTIFIER = "de.janbrinkmann.UITableView-mit-SwiftUITests";
				PRODUCT_NAME = "$(TARGET_NAME)";
				TEST_TARGET_NAME = "UITableView-mit-Swift";
				USES_XCTRUNNER = YES;
			};
			name = Release;
		};
/* End XCBuildConfiguration section */

/* Begin XCConfigurationList section */
		02CA27CF1BF884FA008D258E /* Build configuration list for PBXProject "UITableView-mit-Swift" */ = {
			isa = XCConfigurationList;
			buildConfigurations = (
				02CA27FD1BF884FA008D258E /* Debug */,
				02CA27FE1BF884FA008D258E /* Release */,
			);
			defaultConfigurationIsVisible = 0;
			defaultConfigurationName = Release;
		};
		02CA27FF1BF884FA008D258E /* Build configuration list for PBXNativeTarget "UITableView-mit-Swift" */ = {
			isa = XCConfigurationList;
			buildConfigurations = (
				02CA28001BF884FA008D258E /* Debug */,
				02CA28011BF884FA008D258E /* Release */,
			);
			defaultConfigurationIsVisible = 0;
		};
		02CA28021BF884FA008D258E /* Build configuration list for PBXNativeTarget "UITableView-mit-SwiftTests" */ = {
			isa = XCConfigurationList;
			buildConfigurations = (
				02CA28031BF884FA008D258E /* Debug */,
				02CA28041BF884FA008D258E /* Release */,
			);
			defaultConfigurationIsVisible = 0;
		};
		02CA28051BF884FA008D258E /* Build configuration list for PBXNativeTarget "UITableView-mit-SwiftUITests" */ = {
			isa = XCConfigurationList;
			buildConfigurations = (
				02CA28061BF884FA008D258E /* Debug */,
				02CA28071BF884FA008D258E /* Release */,
			);
			defaultConfigurationIsVisible = 0;
		};
/* End XCConfigurationList section */

/* Begin XCVersionGroup section */
		02CA27DE1BF884FA008D258E /* UITableView_mit_Swift.xcdatamodeld */ = {
			isa = XCVersionGroup;
			children = (
				02CA27DF1BF884FA008D258E /* UITableView_mit_Swift.xcdatamodel */,
			);
			currentVersion = 02CA27DF1BF884FA008D258E /* UITableView_mit_Swift.xcdatamodel */;
			path = UITableView_mit_Swift.xcdatamodeld;
			sourceTree = "<group>";
			versionGroupType = wrapper.xcdatamodel;
		};
/* End XCVersionGroup section */
	};
	rootObject = 02CA27CC1BF884FA008D258E /* Project object */;
}
